// !$*UTF8*$!
{
	archiveVersion = 1;
	classes = {
	};
	objectVersion = 46;
	objects = {

/* Begin PBXBuildFile section */
		63C38C9B1BEEC81E00F2DF88 /* main.m in Sources */ = {isa = PBXBuildFile; fileRef = 63C38C9A1BEEC81E00F2DF88 /* main.m */; };
		63C38C9E1BEEC81F00F2DF88 /* AppDelegate.m in Sources */ = {isa = PBXBuildFile; fileRef = 63C38C9D1BEEC81F00F2DF88 /* AppDelegate.m */; };
		63C38CA11BEEC81F00F2DF88 /* ViewController.m in Sources */ = {isa = PBXBuildFile; fileRef = 63C38CA01BEEC81F00F2DF88 /* ViewController.m */; };
		63C38CA41BEEC82000F2DF88 /* Main.storyboard in Resources */ = {isa = PBXBuildFile; fileRef = 63C38CA21BEEC82000F2DF88 /* Main.storyboard */; };
		63C38CA61BEEC82200F2DF88 /* Assets.xcassets in Resources */ = {isa = PBXBuildFile; fileRef = 63C38CA51BEEC82200F2DF88 /* Assets.xcassets */; };
		63C38CA91BEEC82200F2DF88 /* LaunchScreen.storyboard in Resources */ = {isa = PBXBuildFile; fileRef = 63C38CA71BEEC82200F2DF88 /* LaunchScreen.storyboard */; };
		63C38CB41BEEC82400F2DF88 /* GymISTests.m in Sources */ = {isa = PBXBuildFile; fileRef = 63C38CB31BEEC82400F2DF88 /* GymISTests.m */; };
		63C38CBF1BEEC82700F2DF88 /* GymISUITests.m in Sources */ = {isa = PBXBuildFile; fileRef = 63C38CBE1BEEC82700F2DF88 /* GymISUITests.m */; };
		63C38CCD1BEED6B200F2DF88 /* tec_monterrey.png in Resources */ = {isa = PBXBuildFile; fileRef = 63C38CCC1BEED6B200F2DF88 /* tec_monterrey.png */; settings = {ASSET_TAGS = (); }; };
/* End PBXBuildFile section */

/* Begin PBXContainerItemProxy section */
		63C38CB01BEEC82400F2DF88 /* PBXContainerItemProxy */ = {
			isa = PBXContainerItemProxy;
			containerPortal = 63C38C8E1BEEC81A00F2DF88 /* Project object */;
			proxyType = 1;
			remoteGlobalIDString = 63C38C951BEEC81B00F2DF88;
			remoteInfo = GymIS;
		};
		63C38CBB1BEEC82500F2DF88 /* PBXContainerItemProxy */ = {
			isa = PBXContainerItemProxy;
			containerPortal = 63C38C8E1BEEC81A00F2DF88 /* Project object */;
			proxyType = 1;
			remoteGlobalIDString = 63C38C951BEEC81B00F2DF88;
			remoteInfo = GymIS;
		};
/* End PBXContainerItemProxy section */

/* Begin PBXFileReference section */
		63C38C961BEEC81D00F2DF88 /* GymIS.app */ = {isa = PBXFileReference; explicitFileType = wrapper.application; includeInIndex = 0; path = GymIS.app; sourceTree = BUILT_PRODUCTS_DIR; };
		63C38C9A1BEEC81E00F2DF88 /* main.m */ = {isa = PBXFileReference; lastKnownFileType = sourcecode.c.objc; path = main.m; sourceTree = "<group>"; };
		63C38C9C1BEEC81F00F2DF88 /* AppDelegate.h */ = {isa = PBXFileReference; lastKnownFileType = sourcecode.c.h; path = AppDelegate.h; sourceTree = "<group>"; };
		63C38C9D1BEEC81F00F2DF88 /* AppDelegate.m */ = {isa = PBXFileReference; lastKnownFileType = sourcecode.c.objc; path = AppDelegate.m; sourceTree = "<group>"; };
		63C38C9F1BEEC81F00F2DF88 /* ViewController.h */ = {isa = PBXFileReference; lastKnownFileType = sourcecode.c.h; path = ViewController.h; sourceTree = "<group>"; };
		63C38CA01BEEC81F00F2DF88 /* ViewController.m */ = {isa = PBXFileReference; lastKnownFileType = sourcecode.c.objc; path = ViewController.m; sourceTree = "<group>"; };
		63C38CA31BEEC82000F2DF88 /* Base */ = {isa = PBXFileReference; lastKnownFileType = file.storyboard; name = Base; path = Base.lproj/Main.storyboard; sourceTree = "<group>"; };
		63C38CA51BEEC82200F2DF88 /* Assets.xcassets */ = {isa = PBXFileReference; lastKnownFileType = folder.assetcatalog; path = Assets.xcassets; sourceTree = "<group>"; };
		63C38CA81BEEC82200F2DF88 /* Base */ = {isa = PBXFileReference; lastKnownFileType = file.storyboard; name = Base; path = Base.lproj/LaunchScreen.storyboard; sourceTree = "<group>"; };
		63C38CAA1BEEC82200F2DF88 /* Info.plist */ = {isa = PBXFileReference; lastKnownFileType = text.plist.xml; path = Info.plist; sourceTree = "<group>"; };
		63C38CAF1BEEC82400F2DF88 /* GymISTests.xctest */ = {isa = PBXFileReference; explicitFileType = wrapper.cfbundle; includeInIndex = 0; path = GymISTests.xctest; sourceTree = BUILT_PRODUCTS_DIR; };
		63C38CB31BEEC82400F2DF88 /* GymISTests.m */ = {isa = PBXFileReference; lastKnownFileType = sourcecode.c.objc; path = GymISTests.m; sourceTree = "<group>"; };
		63C38CB51BEEC82500F2DF88 /* Info.plist */ = {isa = PBXFileReference; lastKnownFileType = text.plist.xml; path = Info.plist; sourceTree = "<group>"; };
		63C38CBA1BEEC82500F2DF88 /* GymISUITests.xctest */ = {isa = PBXFileReference; explicitFileType = wrapper.cfbundle; includeInIndex = 0; path = GymISUITests.xctest; sourceTree = BUILT_PRODUCTS_DIR; };
		63C38CBE1BEEC82700F2DF88 /* GymISUITests.m */ = {isa = PBXFileReference; lastKnownFileType = sourcecode.c.objc; path = GymISUITests.m; sourceTree = "<group>"; };
		63C38CC01BEEC82900F2DF88 /* Info.plist */ = {isa = PBXFileReference; lastKnownFileType = text.plist.xml; path = Info.plist; sourceTree = "<group>"; };
		63C38CCC1BEED6B200F2DF88 /* tec_monterrey.png */ = {isa = PBXFileReference; lastKnownFileType = image.png; path = tec_monterrey.png; sourceTree = "<group>"; };
/* End PBXFileReference section */

/* Begin PBXFrameworksBuildPhase section */
		63C38C931BEEC81B00F2DF88 /* Frameworks */ = {
			isa = PBXFrameworksBuildPhase;
			buildActionMask = 2147483647;
			files = (
			);
			runOnlyForDeploymentPostprocessing = 0;
		};
		63C38CAC1BEEC82400F2DF88 /* Frameworks */ = {
			isa = PBXFrameworksBuildPhase;
			buildActionMask = 2147483647;
			files = (
			);
			runOnlyForDeploymentPostprocessing = 0;
		};
		63C38CB71BEEC82500F2DF88 /* Frameworks */ = {
			isa = PBXFrameworksBuildPhase;
			buildActionMask = 2147483647;
			files = (
			);
			runOnlyForDeploymentPostprocessing = 0;
		};
/* End PBXFrameworksBuildPhase section */

/* Begin PBXGroup section */
		63C38C8D1BEEC81900F2DF88 = {
			isa = PBXGroup;
			children = (
				63C38C981BEEC81D00F2DF88 /* GymIS */,
				63C38CB21BEEC82400F2DF88 /* GymISTests */,
				63C38CBD1BEEC82700F2DF88 /* GymISUITests */,
				63C38C971BEEC81D00F2DF88 /* Products */,
			);
			sourceTree = "<group>";
		};
		63C38C971BEEC81D00F2DF88 /* Products */ = {
			isa = PBXGroup;
			children = (
				63C38C961BEEC81D00F2DF88 /* GymIS.app */,
				63C38CAF1BEEC82400F2DF88 /* GymISTests.xctest */,
				63C38CBA1BEEC82500F2DF88 /* GymISUITests.xctest */,
			);
			name = Products;
			sourceTree = "<group>";
		};
		63C38C981BEEC81D00F2DF88 /* GymIS */ = {
			isa = PBXGroup;
			children = (
				63C38CCC1BEED6B200F2DF88 /* tec_monterrey.png */,
				63C38C9C1BEEC81F00F2DF88 /* AppDelegate.h */,
				63C38C9D1BEEC81F00F2DF88 /* AppDelegate.m */,
				63C38C9F1BEEC81F00F2DF88 /* ViewController.h */,
				63C38CA01BEEC81F00F2DF88 /* ViewController.m */,
				63C38CA21BEEC82000F2DF88 /* Main.storyboard */,
				63C38CA51BEEC82200F2DF88 /* Assets.xcassets */,
				63C38CA71BEEC82200F2DF88 /* LaunchScreen.storyboard */,
				63C38CAA1BEEC82200F2DF88 /* Info.plist */,
				63C38C991BEEC81E00F2DF88 /* Supporting Files */,
			);
			path = GymIS;
			sourceTree = "<group>";
		};
		63C38C991BEEC81E00F2DF88 /* Supporting Files */ = {
			isa = PBXGroup;
			children = (
				63C38C9A1BEEC81E00F2DF88 /* main.m */,
			);
			name = "Supporting Files";
			sourceTree = "<group>";
		};
		63C38CB21BEEC82400F2DF88 /* GymISTests */ = {
			isa = PBXGroup;
			children = (
				63C38CB31BEEC82400F2DF88 /* GymISTests.m */,
				63C38CB51BEEC82500F2DF88 /* Info.plist */,
			);
			path = GymISTests;
			sourceTree = "<group>";
		};
		63C38CBD1BEEC82700F2DF88 /* GymISUITests */ = {
			isa = PBXGroup;
			children = (
				63C38CBE1BEEC82700F2DF88 /* GymISUITests.m */,
				63C38CC01BEEC82900F2DF88 /* Info.plist */,
			);
			path = GymISUITests;
			sourceTree = "<group>";
		};
/* End PBXGroup section */

/* Begin PBXNativeTarget section */
		63C38C951BEEC81B00F2DF88 /* GymIS */ = {
			isa = PBXNativeTarget;
			buildConfigurationList = 63C38CC31BEEC82900F2DF88 /* Build configuration list for PBXNativeTarget "GymIS" */;
			buildPhases = (
				63C38C921BEEC81B00F2DF88 /* Sources */,
				63C38C931BEEC81B00F2DF88 /* Frameworks */,
				63C38C941BEEC81B00F2DF88 /* Resources */,
			);
			buildRules = (
			);
			dependencies = (
			);
			name = GymIS;
			productName = GymIS;
			productReference = 63C38C961BEEC81D00F2DF88 /* GymIS.app */;
			productType = "com.apple.product-type.application";
		};
		63C38CAE1BEEC82400F2DF88 /* GymISTests */ = {
			isa = PBXNativeTarget;
			buildConfigurationList = 63C38CC61BEEC82900F2DF88 /* Build configuration list for PBXNativeTarget "GymISTests" */;
			buildPhases = (
				63C38CAB1BEEC82400F2DF88 /* Sources */,
				63C38CAC1BEEC82400F2DF88 /* Frameworks */,
				63C38CAD1BEEC82400F2DF88 /* Resources */,
			);
			buildRules = (
			);
			dependencies = (
				63C38CB11BEEC82400F2DF88 /* PBXTargetDependency */,
			);
			name = GymISTests;
			productName = GymISTests;
			productReference = 63C38CAF1BEEC82400F2DF88 /* GymISTests.xctest */;
			productType = "com.apple.product-type.bundle.unit-test";
		};
		63C38CB91BEEC82500F2DF88 /* GymISUITests */ = {
			isa = PBXNativeTarget;
			buildConfigurationList = 63C38CC91BEEC82900F2DF88 /* Build configuration list for PBXNativeTarget "GymISUITests" */;
			buildPhases = (
				63C38CB61BEEC82500F2DF88 /* Sources */,
				63C38CB71BEEC82500F2DF88 /* Frameworks */,
				63C38CB81BEEC82500F2DF88 /* Resources */,
			);
			buildRules = (
			);
			dependencies = (
				63C38CBC1BEEC82500F2DF88 /* PBXTargetDependency */,
			);
			name = GymISUITests;
			productName = GymISUITests;
			productReference = 63C38CBA1BEEC82500F2DF88 /* GymISUITests.xctest */;
			productType = "com.apple.product-type.bundle.ui-testing";
		};
/* End PBXNativeTarget section */

/* Begin PBXProject section */
		63C38C8E1BEEC81A00F2DF88 /* Project object */ = {
			isa = PBXProject;
			attributes = {
				LastUpgradeCheck = 0700;
				ORGANIZATIONNAME = HelenApps;
				TargetAttributes = {
					63C38C951BEEC81B00F2DF88 = {
						CreatedOnToolsVersion = 7.0.1;
					};
					63C38CAE1BEEC82400F2DF88 = {
						CreatedOnToolsVersion = 7.0.1;
						TestTargetID = 63C38C951BEEC81B00F2DF88;
					};
					63C38CB91BEEC82500F2DF88 = {
						CreatedOnToolsVersion = 7.0.1;
						TestTargetID = 63C38C951BEEC81B00F2DF88;
					};
				};
			};
			buildConfigurationList = 63C38C911BEEC81A00F2DF88 /* Build configuration list for PBXProject "GymIS" */;
			compatibilityVersion = "Xcode 3.2";
			developmentRegion = English;
			hasScannedForEncodings = 0;
			knownRegions = (
				en,
				Base,
			);
			mainGroup = 63C38C8D1BEEC81900F2DF88;
			productRefGroup = 63C38C971BEEC81D00F2DF88 /* Products */;
			projectDirPath = "";
			projectRoot = "";
			targets = (
				63C38C951BEEC81B00F2DF88 /* GymIS */,
				63C38CAE1BEEC82400F2DF88 /* GymISTests */,
				63C38CB91BEEC82500F2DF88 /* GymISUITests */,
			);
		};
/* End PBXProject section */

/* Begin PBXResourcesBuildPhase section */
		63C38C941BEEC81B00F2DF88 /* Resources */ = {
			isa = PBXResourcesBuildPhase;
			buildActionMask = 2147483647;
			files = (
				63C38CCD1BEED6B200F2DF88 /* tec_monterrey.png in Resources */,
				63C38CA91BEEC82200F2DF88 /* LaunchScreen.storyboard in Resources */,
				63C38CA61BEEC82200F2DF88 /* Assets.xcassets in Resources */,
				63C38CA41BEEC82000F2DF88 /* Main.storyboard in Resources */,
			);
			runOnlyForDeploymentPostprocessing = 0;
		};
		63C38CAD1BEEC82400F2DF88 /* Resources */ = {
			isa = PBXResourcesBuildPhase;
			buildActionMask = 2147483647;
			files = (
			);
			runOnlyForDeploymentPostprocessing = 0;
		};
		63C38CB81BEEC82500F2DF88 /* Resources */ = {
			isa = PBXResourcesBuildPhase;
			buildActionMask = 2147483647;
			files = (
			);
			runOnlyForDeploymentPostprocessing = 0;
		};
/* End PBXResourcesBuildPhase section */

/* Begin PBXSourcesBuildPhase section */
		63C38C921BEEC81B00F2DF88 /* Sources */ = {
			isa = PBXSourcesBuildPhase;
			buildActionMask = 2147483647;
			files = (
				63C38CA11BEEC81F00F2DF88 /* ViewController.m in Sources */,
				63C38C9E1BEEC81F00F2DF88 /* AppDelegate.m in Sources */,
				63C38C9B1BEEC81E00F2DF88 /* main.m in Sources */,
			);
			runOnlyForDeploymentPostprocessing = 0;
		};
		63C38CAB1BEEC82400F2DF88 /* Sources */ = {
			isa = PBXSourcesBuildPhase;
			buildActionMask = 2147483647;
			files = (
				63C38CB41BEEC82400F2DF88 /* GymISTests.m in Sources */,
			);
			runOnlyForDeploymentPostprocessing = 0;
		};
		63C38CB61BEEC82500F2DF88 /* Sources */ = {
			isa = PBXSourcesBuildPhase;
			buildActionMask = 2147483647;
			files = (
				63C38CBF1BEEC82700F2DF88 /* GymISUITests.m in Sources */,
			);
			runOnlyForDeploymentPostprocessing = 0;
		};
/* End PBXSourcesBuildPhase section */

/* Begin PBXTargetDependency section */
		63C38CB11BEEC82400F2DF88 /* PBXTargetDependency */ = {
			isa = PBXTargetDependency;
			target = 63C38C951BEEC81B00F2DF88 /* GymIS */;
			targetProxy = 63C38CB01BEEC82400F2DF88 /* PBXContainerItemProxy */;
		};
		63C38CBC1BEEC82500F2DF88 /* PBXTargetDependency */ = {
			isa = PBXTargetDependency;
			target = 63C38C951BEEC81B00F2DF88 /* GymIS */;
			targetProxy = 63C38CBB1BEEC82500F2DF88 /* PBXContainerItemProxy */;
		};
/* End PBXTargetDependency section */

/* Begin PBXVariantGroup section */
		63C38CA21BEEC82000F2DF88 /* Main.storyboard */ = {
			isa = PBXVariantGroup;
			children = (
				63C38CA31BEEC82000F2DF88 /* Base */,
			);
			name = Main.storyboard;
			sourceTree = "<group>";
		};
		63C38CA71BEEC82200F2DF88 /* LaunchScreen.storyboard */ = {
			isa = PBXVariantGroup;
			children = (
				63C38CA81BEEC82200F2DF88 /* Base */,
			);
			name = LaunchScreen.storyboard;
			sourceTree = "<group>";
		};
/* End PBXVariantGroup section */

/* Begin XCBuildConfiguration section */
		63C38CC11BEEC82900F2DF88 /* Debug */ = {
			isa = XCBuildConfiguration;
			buildSettings = {
				ALWAYS_SEARCH_USER_PATHS = NO;
				CLANG_CXX_LANGUAGE_STANDARD = "gnu++0x";
				CLANG_CXX_LIBRARY = "libc++";
				CLANG_ENABLE_MODULES = YES;
				CLANG_ENABLE_OBJC_ARC = YES;
				CLANG_WARN_BOOL_CONVERSION = YES;
				CLANG_WARN_CONSTANT_CONVERSION = YES;
				CLANG_WARN_DIRECT_OBJC_ISA_USAGE = YES_ERROR;
				CLANG_WARN_EMPTY_BODY = YES;
				CLANG_WARN_ENUM_CONVERSION = YES;
				CLANG_WARN_INT_CONVERSION = YES;
				CLANG_WARN_OBJC_ROOT_CLASS = YES_ERROR;
				CLANG_WARN_UNREACHABLE_CODE = YES;
				CLANG_WARN__DUPLICATE_METHOD_MATCH = YES;
				"CODE_SIGN_IDENTITY[sdk=iphoneos*]" = "iPhone Developer";
				COPY_PHASE_STRIP = NO;
				DEBUG_INFORMATION_FORMAT = dwarf;
				ENABLE_STRICT_OBJC_MSGSEND = YES;
				ENABLE_TESTABILITY = YES;
				GCC_C_LANGUAGE_STANDARD = gnu99;
				GCC_DYNAMIC_NO_PIC = NO;
				GCC_NO_COMMON_BLOCKS = YES;
				GCC_OPTIMIZATION_LEVEL = 0;
				GCC_PREPROCESSOR_DEFINITIONS = (
					"DEBUG=1",
					"$(inherited)",
				);
				GCC_WARN_64_TO_32_BIT_CONVERSION = YES;
				GCC_WARN_ABOUT_RETURN_TYPE = YES_ERROR;
				GCC_WARN_UNDECLARED_SELECTOR = YES;
				GCC_WARN_UNINITIALIZED_AUTOS = YES_AGGRESSIVE;
				GCC_WARN_UNUSED_FUNCTION = YES;
				GCC_WARN_UNUSED_VARIABLE = YES;
				IPHONEOS_DEPLOYMENT_TARGET = 9.0;
				MTL_ENABLE_DEBUG_INFO = YES;
				ONLY_ACTIVE_ARCH = YES;
				SDKROOT = iphoneos;
				TARGETED_DEVICE_FAMILY = "1,2";
			};
			name = Debug;
		};
		63C38CC21BEEC82900F2DF88 /* Release */ = {
			isa = XCBuildConfiguration;
			buildSettings = {
				ALWAYS_SEARCH_USER_PATHS = NO;
				CLANG_CXX_LANGUAGE_STANDARD = "gnu++0x";
				CLANG_CXX_LIBRARY = "libc++";
				CLANG_ENABLE_MODULES = YES;
				CLANG_ENABLE_OBJC_ARC = YES;
				CLANG_WARN_BOOL_CONVERSION = YES;
				CLANG_WARN_CONSTANT_CONVERSION = YES;
				CLANG_WARN_DIRECT_OBJC_ISA_USAGE = YES_ERROR;
				CLANG_WARN_EMPTY_BODY = YES;
				CLANG_WARN_ENUM_CONVERSION = YES;
				CLANG_WARN_INT_CONVERSION = YES;
				CLANG_WARN_OBJC_ROOT_CLASS = YES_ERROR;
				CLANG_WARN_UNREACHABLE_CODE = YES;
				CLANG_WARN__DUPLICATE_METHOD_MATCH = YES;
				"CODE_SIGN_IDENTITY[sdk=iphoneos*]" = "iPhone Developer";
				COPY_PHASE_STRIP = NO;
				DEBUG_INFORMATION_FORMAT = "dwarf-with-dsym";
				ENABLE_NS_ASSERTIONS = NO;
				ENABLE_STRICT_OBJC_MSGSEND = YES;
				GCC_C_LANGUAGE_STANDARD = gnu99;
				GCC_NO_COMMON_BLOCKS = YES;
				GCC_WARN_64_TO_32_BIT_CONVERSION = YES;
				GCC_WARN_ABOUT_RETURN_TYPE = YES_ERROR;
				GCC_WARN_UNDECLARED_SELECTOR = YES;
				GCC_WARN_UNINITIALIZED_AUTOS = YES_AGGRESSIVE;
				GCC_WARN_UNUSED_FUNCTION = YES;
				GCC_WARN_UNUSED_VARIABLE = YES;
				IPHONEOS_DEPLOYMENT_TARGET = 9.0;
				MTL_ENABLE_DEBUG_INFO = NO;
				SDKROOT = iphoneos;
				TARGETED_DEVICE_FAMILY = "1,2";
				VALIDATE_PRODUCT = YES;
			};
			name = Release;
		};
		63C38CC41BEEC82900F2DF88 /* Debug */ = {
			isa = XCBuildConfiguration;
			buildSettings = {
				ASSETCATALOG_COMPILER_APPICON_NAME = AppIcon;
				INFOPLIST_FILE = GymIS/Info.plist;
				LD_RUNPATH_SEARCH_PATHS = "$(inherited) @executable_path/Frameworks";
				PRODUCT_BUNDLE_IDENTIFIER = com.HelenApps.GymIS;
				PRODUCT_NAME = "$(TARGET_NAME)";
			};
			name = Debug;
		};
		63C38CC51BEEC82900F2DF88 /* Release */ = {
			isa = XCBuildConfiguration;
			buildSettings = {
				ASSETCATALOG_COMPILER_APPICON_NAME = AppIcon;
				INFOPLIST_FILE = GymIS/Info.plist;
				LD_RUNPATH_SEARCH_PATHS = "$(inherited) @executable_path/Frameworks";
				PRODUCT_BUNDLE_IDENTIFIER = com.HelenApps.GymIS;
				PRODUCT_NAME = "$(TARGET_NAME)";
			};
			name = Release;
		};
		63C38CC71BEEC82900F2DF88 /* Debug */ = {
			isa = XCBuildConfiguration;
			buildSettings = {
				BUNDLE_LOADER = "$(TEST_HOST)";
				INFOPLIST_FILE = GymISTests/Info.plist;
				LD_RUNPATH_SEARCH_PATHS = "$(inherited) @executable_path/Frameworks @loader_path/Frameworks";
				PRODUCT_BUNDLE_IDENTIFIER = com.HelenApps.GymISTests;
				PRODUCT_NAME = "$(TARGET_NAME)";
				TEST_HOST = "$(BUILT_PRODUCTS_DIR)/GymIS.app/GymIS";
			};
			name = Debug;
		};
		63C38CC81BEEC82900F2DF88 /* Release */ = {
			isa = XCBuildConfiguration;
			buildSettings = {
				BUNDLE_LOADER = "$(TEST_HOST)";
				INFOPLIST_FILE = GymISTests/Info.plist;
				LD_RUNPATH_SEARCH_PATHS = "$(inherited) @executable_path/Frameworks @loader_path/Frameworks";
				PRODUCT_BUNDLE_IDENTIFIER = com.HelenApps.GymISTests;
				PRODUCT_NAME = "$(TARGET_NAME)";
				TEST_HOST = "$(BUILT_PRODUCTS_DIR)/GymIS.app/GymIS";
			};
			name = Release;
		};
		63C38CCA1BEEC82900F2DF88 /* Debug */ = {
			isa = XCBuildConfiguration;
			buildSettings = {
				INFOPLIST_FILE = GymISUITests/Info.plist;
				LD_RUNPATH_SEARCH_PATHS = "$(inherited) @executable_path/Frameworks @loader_path/Frameworks";
				PRODUCT_BUNDLE_IDENTIFIER = com.HelenApps.GymISUITests;
				PRODUCT_NAME = "$(TARGET_NAME)";
				TEST_TARGET_NAME = GymIS;
				USES_XCTRUNNER = YES;
			};
			name = Debug;
		};
		63C38CCB1BEEC82900F2DF88 /* Release */ = {
			isa = XCBuildConfiguration;
			buildSettings = {
				INFOPLIST_FILE = GymISUITests/Info.plist;
				LD_RUNPATH_SEARCH_PATHS = "$(inherited) @executable_path/Frameworks @loader_path/Frameworks";
				PRODUCT_BUNDLE_IDENTIFIER = com.HelenApps.GymISUITests;
				PRODUCT_NAME = "$(TARGET_NAME)";
				TEST_TARGET_NAME = GymIS;
				USES_XCTRUNNER = YES;
			};
			name = Release;
		};
/* End XCBuildConfiguration section */

/* Begin XCConfigurationList section */
		63C38C911BEEC81A00F2DF88 /* Build configuration list for PBXProject "GymIS" */ = {
			isa = XCConfigurationList;
			buildConfigurations = (
				63C38CC11BEEC82900F2DF88 /* Debug */,
				63C38CC21BEEC82900F2DF88 /* Release */,
			);
			defaultConfigurationIsVisible = 0;
			defaultConfigurationName = Release;
		};
		63C38CC31BEEC82900F2DF88 /* Build configuration list for PBXNativeTarget "GymIS" */ = {
			isa = XCConfigurationList;
			buildConfigurations = (
				63C38CC41BEEC82900F2DF88 /* Debug */,
				63C38CC51BEEC82900F2DF88 /* Release */,
			);
			defaultConfigurationIsVisible = 0;
		};
		63C38CC61BEEC82900F2DF88 /* Build configuration list for PBXNativeTarget "GymISTests" */ = {
			isa = XCConfigurationList;
			buildConfigurations = (
				63C38CC71BEEC82900F2DF88 /* Debug */,
				63C38CC81BEEC82900F2DF88 /* Release */,
			);
			defaultConfigurationIsVisible = 0;
		};
		63C38CC91BEEC82900F2DF88 /* Build configuration list for PBXNativeTarget "GymISUITests" */ = {
			isa = XCConfigurationList;
			buildConfigurations = (
				63C38CCA1BEEC82900F2DF88 /* Debug */,
				63C38CCB1BEEC82900F2DF88 /* Release */,
			);
			defaultConfigurationIsVisible = 0;
		};
/* End XCConfigurationList section */
	};
	rootObject = 63C38C8E1BEEC81A00F2DF88 /* Project object */;
}
